
Microsoft Visual Studio Solution File, Format Version 12.00
# Visual Studio Version 17
VisualStudioVersion = 17.14.36414.22 d17.14
MinimumVisualStudioVersion = 10.0.40219.1
Project("{FAE04EC0-301F-11D3-BF4B-00C04F79EFBC}") = "EjemploGit", "EjemploGit\EjemploGit.csproj", "{E4D7D74E-18E4-46AA-93D8-03FF2A755657}"
EndProject
Global
	GlobalSection(SolutionConfigurationPlatforms) = preSolution
		Debug|Any CPU = Debug|Any CPU
		Release|Any CPU = Release|Any CPU
	EndGlobalSection
	GlobalSection(ProjectConfigurationPlatforms) = postSolution
		{E4D7D74E-18E4-46AA-93D8-03FF2A755657}.Debug|Any CPU.ActiveCfg = Debug|Any CPU
		{E4D7D74E-18E4-46AA-93D8-03FF2A755657}.Debug|Any CPU.Build.0 = Debug|Any CPU
		{E4D7D74E-18E4-46AA-93D8-03FF2A755657}.Release|Any CPU.ActiveCfg = Release|Any CPU
		{E4D7D74E-18E4-46AA-93D8-03FF2A755657}.Release|Any CPU.Build.0 = Release|Any CPU
	EndGlobalSection
	GlobalSection(SolutionProperties) = preSolution
		HideSolutionNode = FALSE
	EndGlobalSection
	GlobalSection(ExtensibilityGlobals) = postSolution
		SolutionGuid = {7B48D6D6-703B-46AD-B12D-514AF58649C8}
	EndGlobalSection
EndGlobal
